
Microsoft Visual Studio Solution File, Format Version 12.00
# Visual Studio 15
VisualStudioVersion = 15.0.26730.16
MinimumVisualStudioVersion = 10.0.40219.1
Project("{FAE04EC0-301F-11D3-BF4B-00C04F79EFBC}") = "Heap_sort", "Heap_sort\Heap_sort.csproj", "{A41B4351-4236-49A7-BD30-FD0D204457B1}"
EndProject
Global
	GlobalSection(SolutionConfigurationPlatforms) = preSolution
		Debug|Any CPU = Debug|Any CPU
		Release|Any CPU = Release|Any CPU
	EndGlobalSection
	GlobalSection(ProjectConfigurationPlatforms) = postSolution
		{A41B4351-4236-49A7-BD30-FD0D204457B1}.Debug|Any CPU.ActiveCfg = Debug|Any CPU
		{A41B4351-4236-49A7-BD30-FD0D204457B1}.Debug|Any CPU.Build.0 = Debug|Any CPU
		{A41B4351-4236-49A7-BD30-FD0D204457B1}.Release|Any CPU.ActiveCfg = Release|Any CPU
		{A41B4351-4236-49A7-BD30-FD0D204457B1}.Release|Any CPU.Build.0 = Release|Any CPU
	EndGlobalSection
	GlobalSection(SolutionProperties) = preSolution
		HideSolutionNode = FALSE
	EndGlobalSection
	GlobalSection(ExtensibilityGlobals) = postSolution
		SolutionGuid = {281BD55C-39FB-45ED-8289-2D8F4FA5ACD6}
	EndGlobalSection
EndGlobal
